
Microsoft Visual Studio Solution File, Format Version 12.00
# Visual Studio 15
VisualStudioVersion = 15.0.27130.2010
MinimumVisualStudioVersion = 10.0.40219.1
Project("{9A19103F-16F7-4668-BE54-9A1E7A4F7556}") = "WebConfigTransform.Core", "WebConfigTransform.Core\WebConfigTransform.Core.csproj", "{65903A89-417F-4292-9EEE-7F272E057E19}"
EndProject
Project("{9A19103F-16F7-4668-BE54-9A1E7A4F7556}") = "WebConfigTransform.Con", "WebConfigTransform.Con\WebConfigTransform.Con.csproj", "{184F16DD-AE47-4426-BA6C-3FDDF9EC42C0}"
EndProject
Project("{FAE04EC0-301F-11D3-BF4B-00C04F79EFBC}") = "WebConfigTransform.Web", "WebConfigTransform.Web\WebConfigTransform.Web.csproj", "{17FB2487-8A34-42ED-A351-5F746C05A9A7}"
EndProject
Global
	GlobalSection(SolutionConfigurationPlatforms) = preSolution
		Debug|Any CPU = Debug|Any CPU
		Release|Any CPU = Release|Any CPU
	EndGlobalSection
	GlobalSection(ProjectConfigurationPlatforms) = postSolution
		{65903A89-417F-4292-9EEE-7F272E057E19}.Debug|Any CPU.ActiveCfg = Debug|Any CPU
		{65903A89-417F-4292-9EEE-7F272E057E19}.Debug|Any CPU.Build.0 = Debug|Any CPU
		{65903A89-417F-4292-9EEE-7F272E057E19}.Release|Any CPU.ActiveCfg = Release|Any CPU
		{65903A89-417F-4292-9EEE-7F272E057E19}.Release|Any CPU.Build.0 = Release|Any CPU
		{184F16DD-AE47-4426-BA6C-3FDDF9EC42C0}.Debug|Any CPU.ActiveCfg = Debug|Any CPU
		{184F16DD-AE47-4426-BA6C-3FDDF9EC42C0}.Debug|Any CPU.Build.0 = Debug|Any CPU
		{184F16DD-AE47-4426-BA6C-3FDDF9EC42C0}.Release|Any CPU.ActiveCfg = Release|Any CPU
		{184F16DD-AE47-4426-BA6C-3FDDF9EC42C0}.Release|Any CPU.Build.0 = Release|Any CPU
		{17FB2487-8A34-42ED-A351-5F746C05A9A7}.Debug|Any CPU.ActiveCfg = Debug|Any CPU
		{17FB2487-8A34-42ED-A351-5F746C05A9A7}.Debug|Any CPU.Build.0 = Debug|Any CPU
		{17FB2487-8A34-42ED-A351-5F746C05A9A7}.Release|Any CPU.ActiveCfg = Release|Any CPU
		{17FB2487-8A34-42ED-A351-5F746C05A9A7}.Release|Any CPU.Build.0 = Release|Any CPU
	EndGlobalSection
	GlobalSection(SolutionProperties) = preSolution
		HideSolutionNode = FALSE
	EndGlobalSection
	GlobalSection(ExtensibilityGlobals) = postSolution
		SolutionGuid = {33B1EC8C-E16E-4561-A73F-6A0E20212D67}
	EndGlobalSection
EndGlobal
